
Microsoft Visual Studio Solution File, Format Version 12.00
# Visual Studio Version 16
VisualStudioVersion = 16.0.29709.97
MinimumVisualStudioVersion = 10.0.40219.1
Project("{FAE04EC0-301F-11D3-BF4B-00C04F79EFBC}") = "SandBox", "SandBox\SandBox.csproj", "{3DB618EE-4F5F-4F8C-B31C-F99181A2104C}"
EndProject
Project("{FAE04EC0-301F-11D3-BF4B-00C04F79EFBC}") = "Hazel", "Hazel C-sharp\Hazel.csproj", "{A444CC38-4765-4738-8C4E-A904F9CF6956}"
EndProject
Project("{FAE04EC0-301F-11D3-BF4B-00C04F79EFBC}") = "Wrapper", "Wrapper\Wrapper\Wrapper.csproj", "{E4BBE2C7-ABE1-468B-9ED0-A5C2B908A7F9}"
EndProject
Global
	GlobalSection(SolutionConfigurationPlatforms) = preSolution
		Compatibility-GLFW2|Any CPU = Compatibility-GLFW2|Any CPU
		Compatibility-GLFW2|x64 = Compatibility-GLFW2|x64
		Compatibility-GLFW2|x86 = Compatibility-GLFW2|x86
		Compatibility-GLFW3|Any CPU = Compatibility-GLFW3|Any CPU
		Compatibility-GLFW3|x64 = Compatibility-GLFW3|x64
		Compatibility-GLFW3|x86 = Compatibility-GLFW3|x86
		Core-GLFW2|Any CPU = Core-GLFW2|Any CPU
		Core-GLFW2|x64 = Core-GLFW2|x64
		Core-GLFW2|x86 = Core-GLFW2|x86
		Core-GLFW3|Any CPU = Core-GLFW3|Any CPU
		Core-GLFW3|x64 = Core-GLFW3|x64
		Core-GLFW3|x86 = Core-GLFW3|x86
		Debug|Any CPU = Debug|Any CPU
		Debug|x64 = Debug|x64
		Debug|x86 = Debug|x86
		Release|Any CPU = Release|Any CPU
		Release|x64 = Release|x64
		Release|x86 = Release|x86
	EndGlobalSection
	GlobalSection(ProjectConfigurationPlatforms) = postSolution
		{3DB618EE-4F5F-4F8C-B31C-F99181A2104C}.Compatibility-GLFW2|Any CPU.ActiveCfg = Release|Any CPU
		{3DB618EE-4F5F-4F8C-B31C-F99181A2104C}.Compatibility-GLFW2|Any CPU.Build.0 = Release|Any CPU
		{3DB618EE-4F5F-4F8C-B31C-F99181A2104C}.Compatibility-GLFW2|x64.ActiveCfg = Release|x64
		{3DB618EE-4F5F-4F8C-B31C-F99181A2104C}.Compatibility-GLFW2|x64.Build.0 = Release|x64
		{3DB618EE-4F5F-4F8C-B31C-F99181A2104C}.Compatibility-GLFW2|x86.ActiveCfg = Debug|Any CPU
		{3DB618EE-4F5F-4F8C-B31C-F99181A2104C}.Compatibility-GLFW2|x86.Build.0 = Debug|Any CPU
		{3DB618EE-4F5F-4F8C-B31C-F99181A2104C}.Compatibility-GLFW3|Any CPU.ActiveCfg = Release|Any CPU
		{3DB618EE-4F5F-4F8C-B31C-F99181A2104C}.Compatibility-GLFW3|Any CPU.Build.0 = Release|Any CPU
		{3DB618EE-4F5F-4F8C-B31C-F99181A2104C}.Compatibility-GLFW3|x64.ActiveCfg = Release|x64
		{3DB618EE-4F5F-4F8C-B31C-F99181A2104C}.Compatibility-GLFW3|x64.Build.0 = Release|x64
		{3DB618EE-4F5F-4F8C-B31C-F99181A2104C}.Compatibility-GLFW3|x86.ActiveCfg = Debug|Any CPU
		{3DB618EE-4F5F-4F8C-B31C-F99181A2104C}.Compatibility-GLFW3|x86.Build.0 = Debug|Any CPU
		{3DB618EE-4F5F-4F8C-B31C-F99181A2104C}.Core-GLFW2|Any CPU.ActiveCfg = Release|Any CPU
		{3DB618EE-4F5F-4F8C-B31C-F99181A2104C}.Core-GLFW2|Any CPU.Build.0 = Release|Any CPU
		{3DB618EE-4F5F-4F8C-B31C-F99181A2104C}.Core-GLFW2|x64.ActiveCfg = Release|x64
		{3DB618EE-4F5F-4F8C-B31C-F99181A2104C}.Core-GLFW2|x64.Build.0 = Release|x64
		{3DB618EE-4F5F-4F8C-B31C-F99181A2104C}.Core-GLFW2|x86.ActiveCfg = Debug|Any CPU
		{3DB618EE-4F5F-4F8C-B31C-F99181A2104C}.Core-GLFW2|x86.Build.0 = Debug|Any CPU
		{3DB618EE-4F5F-4F8C-B31C-F99181A2104C}.Core-GLFW3|Any CPU.ActiveCfg = Release|Any CPU
		{3DB618EE-4F5F-4F8C-B31C-F99181A2104C}.Core-GLFW3|Any CPU.Build.0 = Release|Any CPU
		{3DB618EE-4F5F-4F8C-B31C-F99181A2104C}.Core-GLFW3|x64.ActiveCfg = Release|x64
		{3DB618EE-4F5F-4F8C-B31C-F99181A2104C}.Core-GLFW3|x64.Build.0 = Release|x64
		{3DB618EE-4F5F-4F8C-B31C-F99181A2104C}.Core-GLFW3|x86.ActiveCfg = Debug|Any CPU
		{3DB618EE-4F5F-4F8C-B31C-F99181A2104C}.Core-GLFW3|x86.Build.0 = Debug|Any CPU
		{3DB618EE-4F5F-4F8C-B31C-F99181A2104C}.Debug|Any CPU.ActiveCfg = Debug|Any CPU
		{3DB618EE-4F5F-4F8C-B31C-F99181A2104C}.Debug|Any CPU.Build.0 = Debug|Any CPU
		{3DB618EE-4F5F-4F8C-B31C-F99181A2104C}.Debug|x64.ActiveCfg = Debug|x64
		{3DB618EE-4F5F-4F8C-B31C-F99181A2104C}.Debug|x64.Build.0 = Debug|x64
		{3DB618EE-4F5F-4F8C-B31C-F99181A2104C}.Debug|x86.ActiveCfg = Debug|Any CPU
		{3DB618EE-4F5F-4F8C-B31C-F99181A2104C}.Debug|x86.Build.0 = Debug|Any CPU
		{3DB618EE-4F5F-4F8C-B31C-F99181A2104C}.Release|Any CPU.ActiveCfg = Release|Any CPU
		{3DB618EE-4F5F-4F8C-B31C-F99181A2104C}.Release|Any CPU.Build.0 = Release|Any CPU
		{3DB618EE-4F5F-4F8C-B31C-F99181A2104C}.Release|x64.ActiveCfg = Release|Any CPU
		{3DB618EE-4F5F-4F8C-B31C-F99181A2104C}.Release|x64.Build.0 = Release|Any CPU
		{3DB618EE-4F5F-4F8C-B31C-F99181A2104C}.Release|x86.ActiveCfg = Release|Any CPU
		{3DB618EE-4F5F-4F8C-B31C-F99181A2104C}.Release|x86.Build.0 = Release|Any CPU
		{A444CC38-4765-4738-8C4E-A904F9CF6956}.Compatibility-GLFW2|Any CPU.ActiveCfg = Release|Any CPU
		{A444CC38-4765-4738-8C4E-A904F9CF6956}.Compatibility-GLFW2|Any CPU.Build.0 = Release|Any CPU
		{A444CC38-4765-4738-8C4E-A904F9CF6956}.Compatibility-GLFW2|x64.ActiveCfg = Release|x64
		{A444CC38-4765-4738-8C4E-A904F9CF6956}.Compatibility-GLFW2|x64.Build.0 = Release|x64
		{A444CC38-4765-4738-8C4E-A904F9CF6956}.Compatibility-GLFW2|x86.ActiveCfg = Debug|Any CPU
		{A444CC38-4765-4738-8C4E-A904F9CF6956}.Compatibility-GLFW2|x86.Build.0 = Debug|Any CPU
		{A444CC38-4765-4738-8C4E-A904F9CF6956}.Compatibility-GLFW3|Any CPU.ActiveCfg = Release|Any CPU
		{A444CC38-4765-4738-8C4E-A904F9CF6956}.Compatibility-GLFW3|Any CPU.Build.0 = Release|Any CPU
		{A444CC38-4765-4738-8C4E-A904F9CF6956}.Compatibility-GLFW3|x64.ActiveCfg = Release|x64
		{A444CC38-4765-4738-8C4E-A904F9CF6956}.Compatibility-GLFW3|x64.Build.0 = Release|x64
		{A444CC38-4765-4738-8C4E-A904F9CF6956}.Compatibility-GLFW3|x86.ActiveCfg = Debug|Any CPU
		{A444CC38-4765-4738-8C4E-A904F9CF6956}.Compatibility-GLFW3|x86.Build.0 = Debug|Any CPU
		{A444CC38-4765-4738-8C4E-A904F9CF6956}.Core-GLFW2|Any CPU.ActiveCfg = Release|Any CPU
		{A444CC38-4765-4738-8C4E-A904F9CF6956}.Core-GLFW2|Any CPU.Build.0 = Release|Any CPU
		{A444CC38-4765-4738-8C4E-A904F9CF6956}.Core-GLFW2|x64.ActiveCfg = Release|x64
		{A444CC38-4765-4738-8C4E-A904F9CF6956}.Core-GLFW2|x64.Build.0 = Release|x64
		{A444CC38-4765-4738-8C4E-A904F9CF6956}.Core-GLFW2|x86.ActiveCfg = Debug|Any CPU
		{A444CC38-4765-4738-8C4E-A904F9CF6956}.Core-GLFW2|x86.Build.0 = Debug|Any CPU
		{A444CC38-4765-4738-8C4E-A904F9CF6956}.Core-GLFW3|Any CPU.ActiveCfg = Release|Any CPU
		{A444CC38-4765-4738-8C4E-A904F9CF6956}.Core-GLFW3|Any CPU.Build.0 = Release|Any CPU
		{A444CC38-4765-4738-8C4E-A904F9CF6956}.Core-GLFW3|x64.ActiveCfg = Release|x64
		{A444CC38-4765-4738-8C4E-A904F9CF6956}.Core-GLFW3|x64.Build.0 = Release|x64
		{A444CC38-4765-4738-8C4E-A904F9CF6956}.Core-GLFW3|x86.ActiveCfg = Debug|Any CPU
		{A444CC38-4765-4738-8C4E-A904F9CF6956}.Core-GLFW3|x86.Build.0 = Debug|Any CPU
		{A444CC38-4765-4738-8C4E-A904F9CF6956}.Debug|Any CPU.ActiveCfg = Debug|Any CPU
		{A444CC38-4765-4738-8C4E-A904F9CF6956}.Debug|Any CPU.Build.0 = Debug|Any CPU
		{A444CC38-4765-4738-8C4E-A904F9CF6956}.Debug|x64.ActiveCfg = Debug|x64
		{A444CC38-4765-4738-8C4E-A904F9CF6956}.Debug|x64.Build.0 = Debug|x64
		{A444CC38-4765-4738-8C4E-A904F9CF6956}.Debug|x86.ActiveCfg = Debug|Any CPU
		{A444CC38-4765-4738-8C4E-A904F9CF6956}.Debug|x86.Build.0 = Debug|Any CPU
		{A444CC38-4765-4738-8C4E-A904F9CF6956}.Release|Any CPU.ActiveCfg = Release|Any CPU
		{A444CC38-4765-4738-8C4E-A904F9CF6956}.Release|Any CPU.Build.0 = Release|Any CPU
		{A444CC38-4765-4738-8C4E-A904F9CF6956}.Release|x64.ActiveCfg = Release|x64
		{A444CC38-4765-4738-8C4E-A904F9CF6956}.Release|x64.Build.0 = Release|x64
		{A444CC38-4765-4738-8C4E-A904F9CF6956}.Release|x86.ActiveCfg = Release|Any CPU
		{A444CC38-4765-4738-8C4E-A904F9CF6956}.Release|x86.Build.0 = Release|Any CPU
		{E4BBE2C7-ABE1-468B-9ED0-A5C2B908A7F9}.Compatibility-GLFW2|Any CPU.ActiveCfg = Release|Any CPU
		{E4BBE2C7-ABE1-468B-9ED0-A5C2B908A7F9}.Compatibility-GLFW2|Any CPU.Build.0 = Release|Any CPU
		{E4BBE2C7-ABE1-468B-9ED0-A5C2B908A7F9}.Compatibility-GLFW2|x64.ActiveCfg = Release|Any CPU
		{E4BBE2C7-ABE1-468B-9ED0-A5C2B908A7F9}.Compatibility-GLFW2|x64.Build.0 = Release|Any CPU
		{E4BBE2C7-ABE1-468B-9ED0-A5C2B908A7F9}.Compatibility-GLFW2|x86.ActiveCfg = Release|Any CPU
		{E4BBE2C7-ABE1-468B-9ED0-A5C2B908A7F9}.Compatibility-GLFW2|x86.Build.0 = Release|Any CPU
		{E4BBE2C7-ABE1-468B-9ED0-A5C2B908A7F9}.Compatibility-GLFW3|Any CPU.ActiveCfg = Release|Any CPU
		{E4BBE2C7-ABE1-468B-9ED0-A5C2B908A7F9}.Compatibility-GLFW3|Any CPU.Build.0 = Release|Any CPU
		{E4BBE2C7-ABE1-468B-9ED0-A5C2B908A7F9}.Compatibility-GLFW3|x64.ActiveCfg = Release|Any CPU
		{E4BBE2C7-ABE1-468B-9ED0-A5C2B908A7F9}.Compatibility-GLFW3|x64.Build.0 = Release|Any CPU
		{E4BBE2C7-ABE1-468B-9ED0-A5C2B908A7F9}.Compatibility-GLFW3|x86.ActiveCfg = Release|Any CPU
		{E4BBE2C7-ABE1-468B-9ED0-A5C2B908A7F9}.Compatibility-GLFW3|x86.Build.0 = Release|Any CPU
		{E4BBE2C7-ABE1-468B-9ED0-A5C2B908A7F9}.Core-GLFW2|Any CPU.ActiveCfg = Release|Any CPU
		{E4BBE2C7-ABE1-468B-9ED0-A5C2B908A7F9}.Core-GLFW2|Any CPU.Build.0 = Release|Any CPU
		{E4BBE2C7-ABE1-468B-9ED0-A5C2B908A7F9}.Core-GLFW2|x64.ActiveCfg = Release|Any CPU
		{E4BBE2C7-ABE1-468B-9ED0-A5C2B908A7F9}.Core-GLFW2|x64.Build.0 = Release|Any CPU
		{E4BBE2C7-ABE1-468B-9ED0-A5C2B908A7F9}.Core-GLFW2|x86.ActiveCfg = Release|Any CPU
		{E4BBE2C7-ABE1-468B-9ED0-A5C2B908A7F9}.Core-GLFW2|x86.Build.0 = Release|Any CPU
		{E4BBE2C7-ABE1-468B-9ED0-A5C2B908A7F9}.Core-GLFW3|Any CPU.ActiveCfg = Release|Any CPU
		{E4BBE2C7-ABE1-468B-9ED0-A5C2B908A7F9}.Core-GLFW3|Any CPU.Build.0 = Release|Any CPU
		{E4BBE2C7-ABE1-468B-9ED0-A5C2B908A7F9}.Core-GLFW3|x64.ActiveCfg = Release|Any CPU
		{E4BBE2C7-ABE1-468B-9ED0-A5C2B908A7F9}.Core-GLFW3|x64.Build.0 = Release|Any CPU
		{E4BBE2C7-ABE1-468B-9ED0-A5C2B908A7F9}.Core-GLFW3|x86.ActiveCfg = Release|Any CPU
		{E4BBE2C7-ABE1-468B-9ED0-A5C2B908A7F9}.Core-GLFW3|x86.Build.0 = Release|Any CPU
		{E4BBE2C7-ABE1-468B-9ED0-A5C2B908A7F9}.Debug|Any CPU.ActiveCfg = Debug|Any CPU
		{E4BBE2C7-ABE1-468B-9ED0-A5C2B908A7F9}.Debug|Any CPU.Build.0 = Debug|Any CPU
		{E4BBE2C7-ABE1-468B-9ED0-A5C2B908A7F9}.Debug|x64.ActiveCfg = Debug|Any CPU
		{E4BBE2C7-ABE1-468B-9ED0-A5C2B908A7F9}.Debug|x64.Build.0 = Debug|Any CPU
		{E4BBE2C7-ABE1-468B-9ED0-A5C2B908A7F9}.Debug|x86.ActiveCfg = Debug|Any CPU
		{E4BBE2C7-ABE1-468B-9ED0-A5C2B908A7F9}.Debug|x86.Build.0 = Debug|Any CPU
		{E4BBE2C7-ABE1-468B-9ED0-A5C2B908A7F9}.Release|Any CPU.ActiveCfg = Release|Any CPU
		{E4BBE2C7-ABE1-468B-9ED0-A5C2B908A7F9}.Release|Any CPU.Build.0 = Release|Any CPU
		{E4BBE2C7-ABE1-468B-9ED0-A5C2B908A7F9}.Release|x64.ActiveCfg = Release|Any CPU
		{E4BBE2C7-ABE1-468B-9ED0-A5C2B908A7F9}.Release|x64.Build.0 = Release|Any CPU
		{E4BBE2C7-ABE1-468B-9ED0-A5C2B908A7F9}.Release|x86.ActiveCfg = Release|Any CPU
		{E4BBE2C7-ABE1-468B-9ED0-A5C2B908A7F9}.Release|x86.Build.0 = Release|Any CPU
	EndGlobalSection
	GlobalSection(SolutionProperties) = preSolution
		HideSolutionNode = FALSE
	EndGlobalSection
	GlobalSection(ExtensibilityGlobals) = postSolution
		SolutionGuid = {1AC87035-B6EB-4430-8378-D70D5815043F}
	EndGlobalSection
EndGlobal
